{
  "version": 4,
  "terraform_version": "1.4.4",
  "serial": 11,
  "lineage": "f56cee2d-53c4-16ef-e8b0-750dc7d4867c",
  "outputs": {},
  "resources": [
    {
      "mode": "managed",
      "type": "azurerm_linux_virtual_machine",
      "name": "node2",
      "provider": "provider[\"registry.terraform.io/hashicorp/azurerm\"]",
      "instances": [
        {
          "schema_version": 0,
          "attributes": {
            "additional_capabilities": [],
            "admin_password": null,
            "admin_ssh_key": [
              {
                "public_key": "ssh-rsa AAAAB3NzaC1yc2EAAAADAQABAAABgQDYrb/iNaFzOZxpY62Y0o5/uiKB8jq6GUxHbre+qMOTC2x1vcyRm6+snPbwpcIcy5XrKRmU5FbPpqjVryPXM/tGfsA4b4n5JoHhrEvHPkMQI5kMagyqjw/PSGvy3/0ers1rJUxwf2S5halFml4y56yynm53HfXPCcAMsIlD4R0WcgkttSViycioCmvHc3yzcY5ymw4GsTUjOyrZUbnAPjphRnoliGBfYnYJVPnOhWVZSRPanpuMjjWaw2VILlTO6FA+Dp4KiUFEx4eNcim9iU+llNrJTsFd4LvEyk24QQKYufSQl6aiAc2Z1pU0U++PO4i1hg0AXyFk9pA4vSKd4l+jrymZpJVWnTfAuet3RQUhVrzHHhTZZI6z8WBpg0xORMxhBf6UanST3n6/lNfgAkqyevNP4Mlne7Sx1gB+lWZmLRPNuu72jCALVLWgMIPhm33KtnhYgoT3OnGERMKjgmDl3zURl351YRrXjPiEDpvrb2YO9zNy9k72h1rCLZyOvb0= lucas@LAPTOP-JHK9K6A7",
                "username": "targa"
              }
            ],
            "admin_username": "targa",
            "allow_extension_operations": true,
            "availability_set_id": "",
            "boot_diagnostics": [],
            "capacity_reservation_group_id": "",
            "computer_name": "node2",
            "custom_data": null,
            "dedicated_host_group_id": "",
            "dedicated_host_id": "",
            "disable_password_authentication": true,
            "edge_zone": "",
            "encryption_at_host_enabled": false,
            "eviction_policy": "",
            "extensions_time_budget": "PT1H30M",
            "gallery_application": [],
            "id": "/subscriptions/6a8c9233-ddbd-4769-b389-a6cbabe5acac/resourceGroups/node_group-resource-group/providers/Microsoft.Compute/virtualMachines/node2",
            "identity": [],
            "license_type": "",
            "location": "eastus",
            "max_bid_price": -1,
            "name": "node2",
            "network_interface_ids": [
              "/subscriptions/6a8c9233-ddbd-4769-b389-a6cbabe5acac/resourceGroups/node_group-resource-group/providers/Microsoft.Network/networkInterfaces/node2-nic"
            ],
            "os_disk": [
              {
                "caching": "ReadWrite",
                "diff_disk_settings": [],
                "disk_encryption_set_id": "",
                "disk_size_gb": 30,
                "name": "node2-osdisk",
                "secure_vm_disk_encryption_set_id": "",
                "security_encryption_type": "",
                "storage_account_type": "Standard_LRS",
                "write_accelerator_enabled": false
              }
            ],
            "patch_assessment_mode": "ImageDefault",
            "patch_mode": "ImageDefault",
            "plan": [],
            "platform_fault_domain": -1,
            "priority": "Regular",
            "private_ip_address": "10.0.3.5",
            "private_ip_addresses": [
              "10.0.3.5"
            ],
            "provision_vm_agent": true,
            "proximity_placement_group_id": "",
            "public_ip_address": "",
            "public_ip_addresses": [],
            "resource_group_name": "node_group-resource-group",
            "secret": [],
            "secure_boot_enabled": false,
            "size": "Standard_B1s",
            "source_image_id": "",
            "source_image_reference": [
              {
                "offer": "debian-10",
                "publisher": "Debian",
                "sku": "10",
                "version": "latest"
              }
            ],
            "tags": {},
            "termination_notification": [],
            "timeouts": null,
            "user_data": "",
            "virtual_machine_id": "9170f5ee-8cb3-4704-bbcd-338960515923",
            "virtual_machine_scale_set_id": "",
            "vtpm_enabled": false,
            "zone": ""
          },
          "sensitive_attributes": [],
          "private": "eyJlMmJmYjczMC1lY2FhLTExZTYtOGY4OC0zNDM2M2JjN2M0YzAiOnsiY3JlYXRlIjoyNzAwMDAwMDAwMDAwLCJkZWxldGUiOjI3MDAwMDAwMDAwMDAsInJlYWQiOjMwMDAwMDAwMDAwMCwidXBkYXRlIjoyNzAwMDAwMDAwMDAwfX0=",
          "dependencies": [
            "azurerm_network_interface.node2-nic",
            "azurerm_resource_group.node_group",
            "azurerm_subnet.s-b3_node",
            "azurerm_virtual_network.vn-node_group"
          ]
        }
      ]
    },
    {
      "mode": "managed",
      "type": "azurerm_network_interface",
      "name": "node1-nic",
      "provider": "provider[\"registry.terraform.io/hashicorp/azurerm\"]",
      "instances": [
        {
          "schema_version": 0,
          "attributes": {
            "applied_dns_servers": [],
            "dns_servers": [],
            "edge_zone": "",
            "enable_accelerated_networking": false,
            "enable_ip_forwarding": false,
            "id": "/subscriptions/6a8c9233-ddbd-4769-b389-a6cbabe5acac/resourceGroups/node_group-resource-group/providers/Microsoft.Network/networkInterfaces/node1-nic",
            "internal_dns_name_label": "",
            "internal_domain_name_suffix": "ragua0kjckbefkihprcsfresef.bx.internal.cloudapp.net",
            "ip_configuration": [
              {
                "gateway_load_balancer_frontend_ip_configuration_id": "",
                "name": "node1-ip",
                "primary": true,
                "private_ip_address": "10.0.3.4",
                "private_ip_address_allocation": "Dynamic",
                "private_ip_address_version": "IPv4",
                "public_ip_address_id": "/subscriptions/6a8c9233-ddbd-4769-b389-a6cbabe5acac/resourceGroups/node_group-resource-group/providers/Microsoft.Network/publicIPAddresses/node1-public-ip",
                "subnet_id": "/subscriptions/6a8c9233-ddbd-4769-b389-a6cbabe5acac/resourceGroups/node_group-resource-group/providers/Microsoft.Network/virtualNetworks/vn-node_group/subnets/internal"
              }
            ],
            "location": "eastus",
            "mac_address": "",
            "name": "node1-nic",
            "private_ip_address": "10.0.3.4",
            "private_ip_addresses": [
              "10.0.3.4"
            ],
            "resource_group_name": "node_group-resource-group",
            "tags": {},
            "timeouts": null,
            "virtual_machine_id": ""
          },
          "sensitive_attributes": [],
          "private": "eyJlMmJmYjczMC1lY2FhLTExZTYtOGY4OC0zNDM2M2JjN2M0YzAiOnsiY3JlYXRlIjoxODAwMDAwMDAwMDAwLCJkZWxldGUiOjE4MDAwMDAwMDAwMDAsInJlYWQiOjMwMDAwMDAwMDAwMCwidXBkYXRlIjoxODAwMDAwMDAwMDAwfX0=",
          "dependencies": [
            "azurerm_public_ip.node1-public-ip",
            "azurerm_resource_group.node_group",
            "azurerm_subnet.s-b3_node",
            "azurerm_virtual_network.vn-node_group"
          ]
        }
      ]
    },
    {
      "mode": "managed",
      "type": "azurerm_network_interface",
      "name": "node2-nic",
      "provider": "provider[\"registry.terraform.io/hashicorp/azurerm\"]",
      "instances": [
        {
          "schema_version": 0,
          "attributes": {
            "applied_dns_servers": [],
            "dns_servers": [],
            "edge_zone": "",
            "enable_accelerated_networking": false,
            "enable_ip_forwarding": false,
            "id": "/subscriptions/6a8c9233-ddbd-4769-b389-a6cbabe5acac/resourceGroups/node_group-resource-group/providers/Microsoft.Network/networkInterfaces/node2-nic",
            "internal_dns_name_label": "",
            "internal_domain_name_suffix": "ragua0kjckbefkihprcsfresef.bx.internal.cloudapp.net",
            "ip_configuration": [
              {
                "gateway_load_balancer_frontend_ip_configuration_id": "",
                "name": "node2-ip",
                "primary": true,
                "private_ip_address": "10.0.3.5",
                "private_ip_address_allocation": "Dynamic",
                "private_ip_address_version": "IPv4",
                "public_ip_address_id": "",
                "subnet_id": "/subscriptions/6a8c9233-ddbd-4769-b389-a6cbabe5acac/resourceGroups/node_group-resource-group/providers/Microsoft.Network/virtualNetworks/vn-node_group/subnets/internal"
              }
            ],
            "location": "eastus",
            "mac_address": "00-0D-3A-17-3F-02",
            "name": "node2-nic",
            "private_ip_address": "10.0.3.5",
            "private_ip_addresses": [
              "10.0.3.5"
            ],
            "resource_group_name": "node_group-resource-group",
            "tags": {},
            "timeouts": null,
            "virtual_machine_id": "/subscriptions/6a8c9233-ddbd-4769-b389-a6cbabe5acac/resourceGroups/node_group-resource-group/providers/Microsoft.Compute/virtualMachines/node2"
          },
          "sensitive_attributes": [],
          "private": "eyJlMmJmYjczMC1lY2FhLTExZTYtOGY4OC0zNDM2M2JjN2M0YzAiOnsiY3JlYXRlIjoxODAwMDAwMDAwMDAwLCJkZWxldGUiOjE4MDAwMDAwMDAwMDAsInJlYWQiOjMwMDAwMDAwMDAwMCwidXBkYXRlIjoxODAwMDAwMDAwMDAwfX0=",
          "dependencies": [
            "azurerm_resource_group.node_group",
            "azurerm_subnet.s-b3_node",
            "azurerm_virtual_network.vn-node_group"
          ]
        }
      ]
    },
    {
      "mode": "managed",
      "type": "azurerm_public_ip",
      "name": "node1-public-ip",
      "provider": "provider[\"registry.terraform.io/hashicorp/azurerm\"]",
      "instances": [
        {
          "schema_version": 0,
          "attributes": {
            "allocation_method": "Dynamic",
            "ddos_protection_mode": "VirtualNetworkInherited",
            "ddos_protection_plan_id": null,
            "domain_name_label": null,
            "edge_zone": "",
            "fqdn": null,
            "id": "/subscriptions/6a8c9233-ddbd-4769-b389-a6cbabe5acac/resourceGroups/node_group-resource-group/providers/Microsoft.Network/publicIPAddresses/node1-public-ip",
            "idle_timeout_in_minutes": 4,
            "ip_address": "",
            "ip_tags": {},
            "ip_version": "IPv4",
            "location": "eastus",
            "name": "node1-public-ip",
            "public_ip_prefix_id": null,
            "resource_group_name": "node_group-resource-group",
            "reverse_fqdn": null,
            "sku": "Basic",
            "sku_tier": "Regional",
            "tags": {},
            "timeouts": null,
            "zones": []
          },
          "sensitive_attributes": [],
          "private": "eyJlMmJmYjczMC1lY2FhLTExZTYtOGY4OC0zNDM2M2JjN2M0YzAiOnsiY3JlYXRlIjoxODAwMDAwMDAwMDAwLCJkZWxldGUiOjE4MDAwMDAwMDAwMDAsInJlYWQiOjMwMDAwMDAwMDAwMCwidXBkYXRlIjoxODAwMDAwMDAwMDAwfX0=",
          "dependencies": [
            "azurerm_resource_group.node_group"
          ]
        }
      ]
    },
    {
      "mode": "managed",
      "type": "azurerm_resource_group",
      "name": "node_group",
      "provider": "provider[\"registry.terraform.io/hashicorp/azurerm\"]",
      "instances": [
        {
          "schema_version": 0,
          "attributes": {
            "id": "/subscriptions/6a8c9233-ddbd-4769-b389-a6cbabe5acac/resourceGroups/node_group-resource-group",
            "location": "eastus",
            "name": "node_group-resource-group",
            "tags": {},
            "timeouts": null
          },
          "sensitive_attributes": [],
          "private": "eyJlMmJmYjczMC1lY2FhLTExZTYtOGY4OC0zNDM2M2JjN2M0YzAiOnsiY3JlYXRlIjo1NDAwMDAwMDAwMDAwLCJkZWxldGUiOjU0MDAwMDAwMDAwMDAsInJlYWQiOjMwMDAwMDAwMDAwMCwidXBkYXRlIjo1NDAwMDAwMDAwMDAwfX0="
        }
      ]
    },
    {
      "mode": "managed",
      "type": "azurerm_subnet",
      "name": "s-b3_node",
      "provider": "provider[\"registry.terraform.io/hashicorp/azurerm\"]",
      "instances": [
        {
          "schema_version": 0,
          "attributes": {
            "address_prefixes": [
              "10.0.3.0/24"
            ],
            "delegation": [],
            "enforce_private_link_endpoint_network_policies": false,
            "enforce_private_link_service_network_policies": false,
            "id": "/subscriptions/6a8c9233-ddbd-4769-b389-a6cbabe5acac/resourceGroups/node_group-resource-group/providers/Microsoft.Network/virtualNetworks/vn-node_group/subnets/internal",
            "name": "internal",
            "private_endpoint_network_policies_enabled": true,
            "private_link_service_network_policies_enabled": true,
            "resource_group_name": "node_group-resource-group",
            "service_endpoint_policy_ids": [],
            "service_endpoints": [],
            "timeouts": null,
            "virtual_network_name": "vn-node_group"
          },
          "sensitive_attributes": [],
          "private": "eyJlMmJmYjczMC1lY2FhLTExZTYtOGY4OC0zNDM2M2JjN2M0YzAiOnsiY3JlYXRlIjoxODAwMDAwMDAwMDAwLCJkZWxldGUiOjE4MDAwMDAwMDAwMDAsInJlYWQiOjMwMDAwMDAwMDAwMCwidXBkYXRlIjoxODAwMDAwMDAwMDAwfX0=",
          "dependencies": [
            "azurerm_resource_group.node_group",
            "azurerm_virtual_network.vn-node_group"
          ]
        }
      ]
    },
    {
      "mode": "managed",
      "type": "azurerm_virtual_network",
      "name": "vn-node_group",
      "provider": "provider[\"registry.terraform.io/hashicorp/azurerm\"]",
      "instances": [
        {
          "schema_version": 0,
          "attributes": {
            "address_space": [
              "10.0.0.0/16"
            ],
            "bgp_community": "",
            "ddos_protection_plan": [],
            "dns_servers": [],
            "edge_zone": "",
            "flow_timeout_in_minutes": 0,
            "guid": "69400d88-1249-4282-a907-7c4522c49225",
            "id": "/subscriptions/6a8c9233-ddbd-4769-b389-a6cbabe5acac/resourceGroups/node_group-resource-group/providers/Microsoft.Network/virtualNetworks/vn-node_group",
            "location": "eastus",
            "name": "vn-node_group",
            "resource_group_name": "node_group-resource-group",
            "subnet": [
              {
                "address_prefix": "10.0.3.0/24",
                "id": "/subscriptions/6a8c9233-ddbd-4769-b389-a6cbabe5acac/resourceGroups/node_group-resource-group/providers/Microsoft.Network/virtualNetworks/vn-node_group/subnets/internal",
                "name": "internal",
                "security_group": ""
              }
            ],
            "tags": {},
            "timeouts": null
          },
          "sensitive_attributes": [],
          "private": "eyJlMmJmYjczMC1lY2FhLTExZTYtOGY4OC0zNDM2M2JjN2M0YzAiOnsiY3JlYXRlIjoxODAwMDAwMDAwMDAwLCJkZWxldGUiOjE4MDAwMDAwMDAwMDAsInJlYWQiOjMwMDAwMDAwMDAwMCwidXBkYXRlIjoxODAwMDAwMDAwMDAwfX0=",
          "dependencies": [
            "azurerm_resource_group.node_group"
          ]
        }
      ]
    }
  ],
  "check_results": null
}
